// !$*UTF8*$!
{
	archiveVersion = 1;
	classes = {
	};
	objectVersion = 51;
	objects = {

/* Begin PBXBuildFile section */
		07B8F35440430C57623041FA /* Pods_Predictor.framework in Frameworks */ = {isa = PBXBuildFile; fileRef = 28163BB4E7E80EB712E71783 /* Pods_Predictor.framework */; };
		1F7D26AC22C97A3E005806B2 /* AppDelegate.swift in Sources */ = {isa = PBXBuildFile; fileRef = 1F7D26AB22C97A3E005806B2 /* AppDelegate.swift */; };
		1F7D26AE22C97A3E005806B2 /* MainTabbarController.swift in Sources */ = {isa = PBXBuildFile; fileRef = 1F7D26AD22C97A3E005806B2 /* MainTabbarController.swift */; };
		1F7D26B122C97A3E005806B2 /* Main.storyboard in Resources */ = {isa = PBXBuildFile; fileRef = 1F7D26AF22C97A3E005806B2 /* Main.storyboard */; };
		1F7D26B322C97A3F005806B2 /* Assets.xcassets in Resources */ = {isa = PBXBuildFile; fileRef = 1F7D26B222C97A3F005806B2 /* Assets.xcassets */; };
		1F7D26B622C97A3F005806B2 /* LaunchScreen.storyboard in Resources */ = {isa = PBXBuildFile; fileRef = 1F7D26B422C97A3F005806B2 /* LaunchScreen.storyboard */; };
		1F7D26BE22C97CEE005806B2 /* GoogleService-Info.plist in Resources */ = {isa = PBXBuildFile; fileRef = 1F7D26BD22C97CEE005806B2 /* GoogleService-Info.plist */; };
		1FFD38BC22CFEC480076011E /* HomeTableViewController.swift in Sources */ = {isa = PBXBuildFile; fileRef = 1FFD38BB22CFEC480076011E /* HomeTableViewController.swift */; };
/* End PBXBuildFile section */

/* Begin PBXFileReference section */
		04779E990FBA0060EB9DDBB0 /* Pods-Predictor.release.xcconfig */ = {isa = PBXFileReference; includeInIndex = 1; lastKnownFileType = text.xcconfig; name = "Pods-Predictor.release.xcconfig"; path = "Target Support Files/Pods-Predictor/Pods-Predictor.release.xcconfig"; sourceTree = "<group>"; };
		1F7D26A822C97A3E005806B2 /* Predictor.app */ = {isa = PBXFileReference; explicitFileType = wrapper.application; includeInIndex = 0; path = Predictor.app; sourceTree = BUILT_PRODUCTS_DIR; };
		1F7D26AB22C97A3E005806B2 /* AppDelegate.swift */ = {isa = PBXFileReference; lastKnownFileType = sourcecode.swift; path = AppDelegate.swift; sourceTree = "<group>"; };
		1F7D26AD22C97A3E005806B2 /* MainTabbarController.swift */ = {isa = PBXFileReference; lastKnownFileType = sourcecode.swift; path = MainTabbarController.swift; sourceTree = "<group>"; };
		1F7D26B022C97A3E005806B2 /* Base */ = {isa = PBXFileReference; lastKnownFileType = file.storyboard; name = Base; path = Base.lproj/Main.storyboard; sourceTree = "<group>"; };
		1F7D26B222C97A3F005806B2 /* Assets.xcassets */ = {isa = PBXFileReference; lastKnownFileType = folder.assetcatalog; path = Assets.xcassets; sourceTree = "<group>"; };
		1F7D26B522C97A3F005806B2 /* Base */ = {isa = PBXFileReference; lastKnownFileType = file.storyboard; name = Base; path = Base.lproj/LaunchScreen.storyboard; sourceTree = "<group>"; };
		1F7D26B722C97A3F005806B2 /* Info.plist */ = {isa = PBXFileReference; lastKnownFileType = text.plist.xml; path = Info.plist; sourceTree = "<group>"; };
		1F7D26BD22C97CEE005806B2 /* GoogleService-Info.plist */ = {isa = PBXFileReference; fileEncoding = 4; lastKnownFileType = text.plist.xml; path = "GoogleService-Info.plist"; sourceTree = "<group>"; };
		1FFD38BB22CFEC480076011E /* HomeTableViewController.swift */ = {isa = PBXFileReference; lastKnownFileType = sourcecode.swift; path = HomeTableViewController.swift; sourceTree = "<group>"; };
		28163BB4E7E80EB712E71783 /* Pods_Predictor.framework */ = {isa = PBXFileReference; explicitFileType = wrapper.framework; includeInIndex = 0; path = Pods_Predictor.framework; sourceTree = BUILT_PRODUCTS_DIR; };
		4A4CB57CB5BA9F7983C53330 /* Pods-Predictor.debug.xcconfig */ = {isa = PBXFileReference; includeInIndex = 1; lastKnownFileType = text.xcconfig; name = "Pods-Predictor.debug.xcconfig"; path = "Target Support Files/Pods-Predictor/Pods-Predictor.debug.xcconfig"; sourceTree = "<group>"; };
/* End PBXFileReference section */

/* Begin PBXFrameworksBuildPhase section */
		1F7D26A522C97A3D005806B2 /* Frameworks */ = {
			isa = PBXFrameworksBuildPhase;
			buildActionMask = 2147483647;
			files = (
				07B8F35440430C57623041FA /* Pods_Predictor.framework in Frameworks */,
			);
			runOnlyForDeploymentPostprocessing = 0;
		};
/* End PBXFrameworksBuildPhase section */

/* Begin PBXGroup section */
		1F7D269F22C97A3D005806B2 = {
			isa = PBXGroup;
			children = (
				1F7D26AA22C97A3E005806B2 /* Predictor */,
				1F7D26A922C97A3E005806B2 /* Products */,
				6B1A3A6D0688AF40CB704B39 /* Pods */,
				B7206F8F92FA1465A40EA44A /* Frameworks */,
			);
			sourceTree = "<group>";
		};
		1F7D26A922C97A3E005806B2 /* Products */ = {
			isa = PBXGroup;
			children = (
				1F7D26A822C97A3E005806B2 /* Predictor.app */,
			);
			name = Products;
			sourceTree = "<group>";
		};
		1F7D26AA22C97A3E005806B2 /* Predictor */ = {
			isa = PBXGroup;
			children = (
				1F7D26AB22C97A3E005806B2 /* AppDelegate.swift */,
				1F7D26AD22C97A3E005806B2 /* MainTabbarController.swift */,
				1F7D26AF22C97A3E005806B2 /* Main.storyboard */,
				1F7D26B222C97A3F005806B2 /* Assets.xcassets */,
				1F7D26B422C97A3F005806B2 /* LaunchScreen.storyboard */,
				1F7D26BD22C97CEE005806B2 /* GoogleService-Info.plist */,
				1F7D26B722C97A3F005806B2 /* Info.plist */,
				1FFD38BB22CFEC480076011E /* HomeTableViewController.swift */,
			);
			path = Predictor;
			sourceTree = "<group>";
		};
		6B1A3A6D0688AF40CB704B39 /* Pods */ = {
			isa = PBXGroup;
			children = (
				4A4CB57CB5BA9F7983C53330 /* Pods-Predictor.debug.xcconfig */,
				04779E990FBA0060EB9DDBB0 /* Pods-Predictor.release.xcconfig */,
			);
			path = Pods;
			sourceTree = "<group>";
		};
		B7206F8F92FA1465A40EA44A /* Frameworks */ = {
			isa = PBXGroup;
			children = (
				28163BB4E7E80EB712E71783 /* Pods_Predictor.framework */,
			);
			name = Frameworks;
			sourceTree = "<group>";
		};
/* End PBXGroup section */

/* Begin PBXNativeTarget section */
		1F7D26A722C97A3D005806B2 /* Predictor */ = {
			isa = PBXNativeTarget;
			buildConfigurationList = 1F7D26BA22C97A3F005806B2 /* Build configuration list for PBXNativeTarget "Predictor" */;
			buildPhases = (
				7327954B28DA7F7BA2EA6267 /* [CP] Check Pods Manifest.lock */,
				1F7D26A422C97A3D005806B2 /* Sources */,
				1F7D26A522C97A3D005806B2 /* Frameworks */,
				1F7D26A622C97A3D005806B2 /* Resources */,
				3392B2D1D1A3AB9C927B32D6 /* [CP] Embed Pods Frameworks */,
			);
			buildRules = (
			);
			dependencies = (
			);
			name = Predictor;
			productName = Predictor;
			productReference = 1F7D26A822C97A3E005806B2 /* Predictor.app */;
			productType = "com.apple.product-type.application";
		};
/* End PBXNativeTarget section */

/* Begin PBXProject section */
		1F7D26A022C97A3D005806B2 /* Project object */ = {
			isa = PBXProject;
			attributes = {
				LastSwiftUpdateCheck = 1020;
				LastUpgradeCheck = 1020;
				ORGANIZATIONNAME = "Open Source";
				TargetAttributes = {
					1F7D26A722C97A3D005806B2 = {
						CreatedOnToolsVersion = 10.2.1;
					};
				};
			};
			buildConfigurationList = 1F7D26A322C97A3D005806B2 /* Build configuration list for PBXProject "Predictor" */;
			compatibilityVersion = "Xcode 9.3";
			developmentRegion = en;
			hasScannedForEncodings = 0;
			knownRegions = (
				en,
				Base,
			);
			mainGroup = 1F7D269F22C97A3D005806B2;
			productRefGroup = 1F7D26A922C97A3E005806B2 /* Products */;
			projectDirPath = "";
			projectRoot = "";
			targets = (
				1F7D26A722C97A3D005806B2 /* Predictor */,
			);
		};
/* End PBXProject section */

/* Begin PBXResourcesBuildPhase section */
		1F7D26A622C97A3D005806B2 /* Resources */ = {
			isa = PBXResourcesBuildPhase;
			buildActionMask = 2147483647;
			files = (
				1F7D26B622C97A3F005806B2 /* LaunchScreen.storyboard in Resources */,
				1F7D26BE22C97CEE005806B2 /* GoogleService-Info.plist in Resources */,
				1F7D26B322C97A3F005806B2 /* Assets.xcassets in Resources */,
				1F7D26B122C97A3E005806B2 /* Main.storyboard in Resources */,
			);
			runOnlyForDeploymentPostprocessing = 0;
		};
/* End PBXResourcesBuildPhase section */

/* Begin PBXShellScriptBuildPhase section */
		3392B2D1D1A3AB9C927B32D6 /* [CP] Embed Pods Frameworks */ = {
			isa = PBXShellScriptBuildPhase;
			buildActionMask = 2147483647;
			files = (
			);
			inputFileListPaths = (
				"${PODS_ROOT}/Target Support Files/Pods-Predictor/Pods-Predictor-frameworks-${CONFIGURATION}-input-files.xcfilelist",
			);
			name = "[CP] Embed Pods Frameworks";
			outputFileListPaths = (
				"${PODS_ROOT}/Target Support Files/Pods-Predictor/Pods-Predictor-frameworks-${CONFIGURATION}-output-files.xcfilelist",
			);
			runOnlyForDeploymentPostprocessing = 0;
			shellPath = /bin/sh;
			shellScript = "\"${PODS_ROOT}/Target Support Files/Pods-Predictor/Pods-Predictor-frameworks.sh\"\n";
			showEnvVarsInLog = 0;
		};
		7327954B28DA7F7BA2EA6267 /* [CP] Check Pods Manifest.lock */ = {
			isa = PBXShellScriptBuildPhase;
			buildActionMask = 2147483647;
			files = (
			);
			inputFileListPaths = (
			);
			inputPaths = (
				"${PODS_PODFILE_DIR_PATH}/Podfile.lock",
				"${PODS_ROOT}/Manifest.lock",
			);
			name = "[CP] Check Pods Manifest.lock";
			outputFileListPaths = (
			);
			outputPaths = (
				"$(DERIVED_FILE_DIR)/Pods-Predictor-checkManifestLockResult.txt",
			);
			runOnlyForDeploymentPostprocessing = 0;
			shellPath = /bin/sh;
			shellScript = "diff \"${PODS_PODFILE_DIR_PATH}/Podfile.lock\" \"${PODS_ROOT}/Manifest.lock\" > /dev/null\nif [ $? != 0 ] ; then\n    # print error to STDERR\n    echo \"error: The sandbox is not in sync with the Podfile.lock. Run 'pod install' or update your CocoaPods installation.\" >&2\n    exit 1\nfi\n# This output is used by Xcode 'outputs' to avoid re-running this script phase.\necho \"SUCCESS\" > \"${SCRIPT_OUTPUT_FILE_0}\"\n";
			showEnvVarsInLog = 0;
		};
/* End PBXShellScriptBuildPhase section */

/* Begin PBXSourcesBuildPhase section */
		1F7D26A422C97A3D005806B2 /* Sources */ = {
			isa = PBXSourcesBuildPhase;
			buildActionMask = 2147483647;
			files = (
				1FFD38BC22CFEC480076011E /* HomeTableViewController.swift in Sources */,
				1F7D26AE22C97A3E005806B2 /* MainTabbarController.swift in Sources */,
				1F7D26AC22C97A3E005806B2 /* AppDelegate.swift in Sources */,
			);
			runOnlyForDeploymentPostprocessing = 0;
		};
/* End PBXSourcesBuildPhase section */

/* Begin PBXVariantGroup section */
		1F7D26AF22C97A3E005806B2 /* Main.storyboard */ = {
			isa = PBXVariantGroup;
			children = (
				1F7D26B022C97A3E005806B2 /* Base */,
			);
			name = Main.storyboard;
			sourceTree = "<group>";
		};
		1F7D26B422C97A3F005806B2 /* LaunchScreen.storyboard */ = {
			isa = PBXVariantGroup;
			children = (
				1F7D26B522C97A3F005806B2 /* Base */,
			);
			name = LaunchScreen.storyboard;
			sourceTree = "<group>";
		};
/* End PBXVariantGroup section */

/* Begin XCBuildConfiguration section */
		1F7D26B822C97A3F005806B2 /* Debug */ = {
			isa = XCBuildConfiguration;
			buildSettings = {
				ALWAYS_SEARCH_USER_PATHS = NO;
				CLANG_ANALYZER_NONNULL = YES;
				CLANG_ANALYZER_NUMBER_OBJECT_CONVERSION = YES_AGGRESSIVE;
				CLANG_CXX_LANGUAGE_STANDARD = "gnu++14";
				CLANG_CXX_LIBRARY = "libc++";
				CLANG_ENABLE_MODULES = YES;
				CLANG_ENABLE_OBJC_ARC = YES;
				CLANG_ENABLE_OBJC_WEAK = YES;
				CLANG_WARN_BLOCK_CAPTURE_AUTORELEASING = YES;
				CLANG_WARN_BOOL_CONVERSION = YES;
				CLANG_WARN_COMMA = YES;
				CLANG_WARN_CONSTANT_CONVERSION = YES;
				CLANG_WARN_DEPRECATED_OBJC_IMPLEMENTATIONS = YES;
				CLANG_WARN_DIRECT_OBJC_ISA_USAGE = YES_ERROR;
				CLANG_WARN_DOCUMENTATION_COMMENTS = YES;
				CLANG_WARN_EMPTY_BODY = YES;
				CLANG_WARN_ENUM_CONVERSION = YES;
				CLANG_WARN_INFINITE_RECURSION = YES;
				CLANG_WARN_INT_CONVERSION = YES;
				CLANG_WARN_NON_LITERAL_NULL_CONVERSION = YES;
				CLANG_WARN_OBJC_IMPLICIT_RETAIN_SELF = YES;
				CLANG_WARN_OBJC_LITERAL_CONVERSION = YES;
				CLANG_WARN_OBJC_ROOT_CLASS = YES_ERROR;
				CLANG_WARN_RANGE_LOOP_ANALYSIS = YES;
				CLANG_WARN_STRICT_PROTOTYPES = YES;
				CLANG_WARN_SUSPICIOUS_MOVE = YES;
				CLANG_WARN_UNGUARDED_AVAILABILITY = YES_AGGRESSIVE;
				CLANG_WARN_UNREACHABLE_CODE = YES;
				CLANG_WARN__DUPLICATE_METHOD_MATCH = YES;
				CODE_SIGN_IDENTITY = "iPhone Developer";
				COPY_PHASE_STRIP = NO;
				DEBUG_INFORMATION_FORMAT = dwarf;
				ENABLE_STRICT_OBJC_MSGSEND = YES;
				ENABLE_TESTABILITY = YES;
				GCC_C_LANGUAGE_STANDARD = gnu11;
				GCC_DYNAMIC_NO_PIC = NO;
				GCC_NO_COMMON_BLOCKS = YES;
				GCC_OPTIMIZATION_LEVEL = 0;
				GCC_PREPROCESSOR_DEFINITIONS = (
					"DEBUG=1",
					"$(inherited)",
				);
				GCC_WARN_64_TO_32_BIT_CONVERSION = YES;
				GCC_WARN_ABOUT_RETURN_TYPE = YES_ERROR;
				GCC_WARN_UNDECLARED_SELECTOR = YES;
				GCC_WARN_UNINITIALIZED_AUTOS = YES_AGGRESSIVE;
				GCC_WARN_UNUSED_FUNCTION = YES;
				GCC_WARN_UNUSED_VARIABLE = YES;
				IPHONEOS_DEPLOYMENT_TARGET = 12.2;
				MTL_ENABLE_DEBUG_INFO = INCLUDE_SOURCE;
				MTL_FAST_MATH = YES;
				ONLY_ACTIVE_ARCH = YES;
				SDKROOT = iphoneos;
				SWIFT_ACTIVE_COMPILATION_CONDITIONS = DEBUG;
				SWIFT_OPTIMIZATION_LEVEL = "-Onone";
			};
			name = Debug;
		};
		1F7D26B922C97A3F005806B2 /* Release */ = {
			isa = XCBuildConfiguration;
			buildSettings = {
				ALWAYS_SEARCH_USER_PATHS = NO;
				CLANG_ANALYZER_NONNULL = YES;
				CLANG_ANALYZER_NUMBER_OBJECT_CONVERSION = YES_AGGRESSIVE;
				CLANG_CXX_LANGUAGE_STANDARD = "gnu++14";
				CLANG_CXX_LIBRARY = "libc++";
				CLANG_ENABLE_MODULES = YES;
				CLANG_ENABLE_OBJC_ARC = YES;
				CLANG_ENABLE_OBJC_WEAK = YES;
				CLANG_WARN_BLOCK_CAPTURE_AUTORELEASING = YES;
				CLANG_WARN_BOOL_CONVERSION = YES;
				CLANG_WARN_COMMA = YES;
				CLANG_WARN_CONSTANT_CONVERSION = YES;
				CLANG_WARN_DEPRECATED_OBJC_IMPLEMENTATIONS = YES;
				CLANG_WARN_DIRECT_OBJC_ISA_USAGE = YES_ERROR;
				CLANG_WARN_DOCUMENTATION_COMMENTS = YES;
				CLANG_WARN_EMPTY_BODY = YES;
				CLANG_WARN_ENUM_CONVERSION = YES;
				CLANG_WARN_INFINITE_RECURSION = YES;
				CLANG_WARN_INT_CONVERSION = YES;
				CLANG_WARN_NON_LITERAL_NULL_CONVERSION = YES;
				CLANG_WARN_OBJC_IMPLICIT_RETAIN_SELF = YES;
				CLANG_WARN_OBJC_LITERAL_CONVERSION = YES;
				CLANG_WARN_OBJC_ROOT_CLASS = YES_ERROR;
				CLANG_WARN_RANGE_LOOP_ANALYSIS = YES;
				CLANG_WARN_STRICT_PROTOTYPES = YES;
				CLANG_WARN_SUSPICIOUS_MOVE = YES;
				CLANG_WARN_UNGUARDED_AVAILABILITY = YES_AGGRESSIVE;
				CLANG_WARN_UNREACHABLE_CODE = YES;
				CLANG_WARN__DUPLICATE_METHOD_MATCH = YES;
				CODE_SIGN_IDENTITY = "iPhone Developer";
				COPY_PHASE_STRIP = NO;
				DEBUG_INFORMATION_FORMAT = "dwarf-with-dsym";
				ENABLE_NS_ASSERTIONS = NO;
				ENABLE_STRICT_OBJC_MSGSEND = YES;
				GCC_C_LANGUAGE_STANDARD = gnu11;
				GCC_NO_COMMON_BLOCKS = YES;
				GCC_WARN_64_TO_32_BIT_CONVERSION = YES;
				GCC_WARN_ABOUT_RETURN_TYPE = YES_ERROR;
				GCC_WARN_UNDECLARED_SELECTOR = YES;
				GCC_WARN_UNINITIALIZED_AUTOS = YES_AGGRESSIVE;
				GCC_WARN_UNUSED_FUNCTION = YES;
				GCC_WARN_UNUSED_VARIABLE = YES;
				IPHONEOS_DEPLOYMENT_TARGET = 12.2;
				MTL_ENABLE_DEBUG_INFO = NO;
				MTL_FAST_MATH = YES;
				SDKROOT = iphoneos;
				SWIFT_COMPILATION_MODE = wholemodule;
				SWIFT_OPTIMIZATION_LEVEL = "-O";
				VALIDATE_PRODUCT = YES;
			};
			name = Release;
		};
		1F7D26BB22C97A3F005806B2 /* Debug */ = {
			isa = XCBuildConfiguration;
			baseConfigurationReference = 4A4CB57CB5BA9F7983C53330 /* Pods-Predictor.debug.xcconfig */;
			buildSettings = {
				ASSETCATALOG_COMPILER_APPICON_NAME = AppIcon;
				CODE_SIGN_STYLE = Automatic;
				DEVELOPMENT_TEAM = V556PY2K94;
				INFOPLIST_FILE = Predictor/Info.plist;
				LD_RUNPATH_SEARCH_PATHS = (
					"$(inherited)",
					"@executable_path/Frameworks",
				);
				PRODUCT_BUNDLE_IDENTIFIER = com.open.Predictor;
				PRODUCT_NAME = "$(TARGET_NAME)";
				SWIFT_VERSION = 5.0;
				TARGETED_DEVICE_FAMILY = "1,2";
			};
			name = Debug;
		};
		1F7D26BC22C97A3F005806B2 /* Release */ = {
			isa = XCBuildConfiguration;
			baseConfigurationReference = 04779E990FBA0060EB9DDBB0 /* Pods-Predictor.release.xcconfig */;
			buildSettings = {
				ASSETCATALOG_COMPILER_APPICON_NAME = AppIcon;
				CODE_SIGN_STYLE = Automatic;
				DEVELOPMENT_TEAM = V556PY2K94;
				INFOPLIST_FILE = Predictor/Info.plist;
				LD_RUNPATH_SEARCH_PATHS = (
					"$(inherited)",
					"@executable_path/Frameworks",
				);
				PRODUCT_BUNDLE_IDENTIFIER = com.open.Predictor;
				PRODUCT_NAME = "$(TARGET_NAME)";
				SWIFT_VERSION = 5.0;
				TARGETED_DEVICE_FAMILY = "1,2";
			};
			name = Release;
		};
/* End XCBuildConfiguration section */

/* Begin XCConfigurationList section */
		1F7D26A322C97A3D005806B2 /* Build configuration list for PBXProject "Predictor" */ = {
			isa = XCConfigurationList;
			buildConfigurations = (
				1F7D26B822C97A3F005806B2 /* Debug */,
				1F7D26B922C97A3F005806B2 /* Release */,
			);
			defaultConfigurationIsVisible = 0;
			defaultConfigurationName = Release;
		};
		1F7D26BA22C97A3F005806B2 /* Build configuration list for PBXNativeTarget "Predictor" */ = {
			isa = XCConfigurationList;
			buildConfigurations = (
				1F7D26BB22C97A3F005806B2 /* Debug */,
				1F7D26BC22C97A3F005806B2 /* Release */,
			);
			defaultConfigurationIsVisible = 0;
			defaultConfigurationName = Release;
		};
/* End XCConfigurationList section */
	};
	rootObject = 1F7D26A022C97A3D005806B2 /* Project object */;
}
